
Microsoft Visual Studio Solution File, Format Version 12.00
# Visual Studio Version 17
VisualStudioVersion = 17.10.34916.146
MinimumVisualStudioVersion = 10.0.40219.1
Project("{2150E333-8FDC-42A3-9474-1A3956D46DE8}") = "Solution Items", "Solution Items", "{EF4BD97D-009D-49C1-B3CB-A2BFF8E17193}"
	ProjectSection(SolutionItems) = preProject
		README.md = README.md
	EndProjectSection
EndProject
Project("{9A19103F-16F7-4668-BE54-9A1E7A4F7556}") = "BookLibraryAPIDemo", "BookLibraryAPIDemo\BookLibraryAPIDemo.csproj", "{C91A2A92-A0B5-42C4-A72D-0B87128D98C2}"
EndProject
Project("{2150E333-8FDC-42A3-9474-1A3956D46DE8}") = "API", "API", "{DCC1BF65-0B21-4A58-9333-0EC1B5B198D7}"
EndProject
Global
	GlobalSection(SolutionConfigurationPlatforms) = preSolution
		Debug|Any CPU = Debug|Any CPU
		Release|Any CPU = Release|Any CPU
	EndGlobalSection
	GlobalSection(ProjectConfigurationPlatforms) = postSolution
		{C91A2A92-A0B5-42C4-A72D-0B87128D98C2}.Debug|Any CPU.ActiveCfg = Debug|Any CPU
		{C91A2A92-A0B5-42C4-A72D-0B87128D98C2}.Debug|Any CPU.Build.0 = Debug|Any CPU
		{C91A2A92-A0B5-42C4-A72D-0B87128D98C2}.Release|Any CPU.ActiveCfg = Release|Any CPU
		{C91A2A92-A0B5-42C4-A72D-0B87128D98C2}.Release|Any CPU.Build.0 = Release|Any CPU
	EndGlobalSection
	GlobalSection(SolutionProperties) = preSolution
		HideSolutionNode = FALSE
	EndGlobalSection
	GlobalSection(NestedProjects) = preSolution
		{C91A2A92-A0B5-42C4-A72D-0B87128D98C2} = {DCC1BF65-0B21-4A58-9333-0EC1B5B198D7}
	EndGlobalSection
	GlobalSection(ExtensibilityGlobals) = postSolution
		SolutionGuid = {362173E8-E9D1-4498-8412-61AB47CDA487}
	EndGlobalSection
EndGlobal
